
Microsoft Visual Studio Solution File, Format Version 12.00
# Visual Studio Version 16
VisualStudioVersion = 16.0.30320.27
MinimumVisualStudioVersion = 10.0.40219.1
Project("{9A19103F-16F7-4668-BE54-9A1E7A4F7556}") = "packetVerification", "packetVerification\packetVerification.csproj", "{E62ECA87-4C89-4092-8673-491F1E492CF7}"
EndProject
Project("{FAE04EC0-301F-11D3-BF4B-00C04F79EFBC}") = "VerifierTest", "VerifierTest\VerifierTest.csproj", "{88DAE16A-E0C8-4DE4-B326-3B3F30510195}"
	ProjectSection(ProjectDependencies) = postProject
		{E62ECA87-4C89-4092-8673-491F1E492CF7} = {E62ECA87-4C89-4092-8673-491F1E492CF7}
	EndProjectSection
EndProject
Global
	GlobalSection(SolutionConfigurationPlatforms) = preSolution
		Debug|Any CPU = Debug|Any CPU
		Release|Any CPU = Release|Any CPU
	EndGlobalSection
	GlobalSection(ProjectConfigurationPlatforms) = postSolution
		{E62ECA87-4C89-4092-8673-491F1E492CF7}.Debug|Any CPU.ActiveCfg = Debug|Any CPU
		{E62ECA87-4C89-4092-8673-491F1E492CF7}.Debug|Any CPU.Build.0 = Debug|Any CPU
		{E62ECA87-4C89-4092-8673-491F1E492CF7}.Release|Any CPU.ActiveCfg = Release|Any CPU
		{E62ECA87-4C89-4092-8673-491F1E492CF7}.Release|Any CPU.Build.0 = Release|Any CPU
		{88DAE16A-E0C8-4DE4-B326-3B3F30510195}.Debug|Any CPU.ActiveCfg = Debug|Any CPU
		{88DAE16A-E0C8-4DE4-B326-3B3F30510195}.Debug|Any CPU.Build.0 = Debug|Any CPU
		{88DAE16A-E0C8-4DE4-B326-3B3F30510195}.Release|Any CPU.ActiveCfg = Release|Any CPU
		{88DAE16A-E0C8-4DE4-B326-3B3F30510195}.Release|Any CPU.Build.0 = Release|Any CPU
	EndGlobalSection
	GlobalSection(SolutionProperties) = preSolution
		HideSolutionNode = FALSE
	EndGlobalSection
	GlobalSection(ExtensibilityGlobals) = postSolution
		SolutionGuid = {32DC16A1-7DC4-4BAC-8735-E20AC69EF743}
	EndGlobalSection
EndGlobal
